
Microsoft Visual Studio Solution File, Format Version 12.00
Project("{FAE04EC0-301F-11D3-BF4B-00C04F79EFBC}") = "Notification.Worker", "src\Adapters\Driving\Notification.Worker\Notification.Worker.csproj", "{73262E4D-2106-43A5-A4A2-2D3E8691E61B}"
EndProject
Project("{2150E333-8FDC-42A3-9474-1A3956D46DE8}") = "src", "src", "{622C8F2B-BA82-4BDD-AB95-FB1C7A1904C8}"
EndProject
Project("{2150E333-8FDC-42A3-9474-1A3956D46DE8}") = "Adapters", "Adapters", "{F50DFF63-90AF-407B-9C45-CF25866A0EB6}"
EndProject
Project("{2150E333-8FDC-42A3-9474-1A3956D46DE8}") = "Core", "Core", "{045DF720-37B5-4DE3-BBD9-83D775EF7EC6}"
EndProject
Project("{2150E333-8FDC-42A3-9474-1A3956D46DE8}") = "Driven", "Driven", "{B410E48D-F4F6-478D-B3A7-918065AEBC5B}"
EndProject
Project("{2150E333-8FDC-42A3-9474-1A3956D46DE8}") = "Driving", "Driving", "{98FF289C-3236-4D5F-817E-673B50733B76}"
EndProject
Project("{2150E333-8FDC-42A3-9474-1A3956D46DE8}") = "Solution Items", "Solution Items", "{F9BAA6A8-FFE0-49AC-8784-32E6C73661B0}"
	ProjectSection(SolutionItems) = preProject
		compose.yaml = compose.yaml
	EndProjectSection
EndProject
Project("{2150E333-8FDC-42A3-9474-1A3956D46DE8}") = "tests", "tests", "{E6ED0967-2422-465F-BAAC-03F75F108F3D}"
EndProject
Project("{FAE04EC0-301F-11D3-BF4B-00C04F79EFBC}") = "UnitTest", "tests\UnitTest\UnitTest.csproj", "{FA870210-4C0E-4789-AF25-4C85F253BF99}"
EndProject
Project("{FAE04EC0-301F-11D3-BF4B-00C04F79EFBC}") = "Application", "src\Core\Application\Application.csproj", "{62196C34-06C6-4A59-92B0-7045F8736D9A}"
EndProject
Project("{FAE04EC0-301F-11D3-BF4B-00C04F79EFBC}") = "External.User.API", "src\Adapters\External.User.API\External.User.API.csproj", "{2E1F1241-8B0F-4371-888C-D6C932A83ACC}"
EndProject
Project("{FAE04EC0-301F-11D3-BF4B-00C04F79EFBC}") = "Domain", "src\Core\Domain\Domain.csproj", "{B363D95C-9B0C-4A9B-AACE-8A697979FD10}"
EndProject
Global
	GlobalSection(SolutionConfigurationPlatforms) = preSolution
		Debug|Any CPU = Debug|Any CPU
		Release|Any CPU = Release|Any CPU
	EndGlobalSection
	GlobalSection(ProjectConfigurationPlatforms) = postSolution
		{73262E4D-2106-43A5-A4A2-2D3E8691E61B}.Debug|Any CPU.ActiveCfg = Debug|Any CPU
		{73262E4D-2106-43A5-A4A2-2D3E8691E61B}.Debug|Any CPU.Build.0 = Debug|Any CPU
		{73262E4D-2106-43A5-A4A2-2D3E8691E61B}.Release|Any CPU.ActiveCfg = Release|Any CPU
		{73262E4D-2106-43A5-A4A2-2D3E8691E61B}.Release|Any CPU.Build.0 = Release|Any CPU
		{FA870210-4C0E-4789-AF25-4C85F253BF99}.Debug|Any CPU.ActiveCfg = Debug|Any CPU
		{FA870210-4C0E-4789-AF25-4C85F253BF99}.Debug|Any CPU.Build.0 = Debug|Any CPU
		{FA870210-4C0E-4789-AF25-4C85F253BF99}.Release|Any CPU.ActiveCfg = Release|Any CPU
		{FA870210-4C0E-4789-AF25-4C85F253BF99}.Release|Any CPU.Build.0 = Release|Any CPU
		{62196C34-06C6-4A59-92B0-7045F8736D9A}.Debug|Any CPU.ActiveCfg = Debug|Any CPU
		{62196C34-06C6-4A59-92B0-7045F8736D9A}.Debug|Any CPU.Build.0 = Debug|Any CPU
		{62196C34-06C6-4A59-92B0-7045F8736D9A}.Release|Any CPU.ActiveCfg = Release|Any CPU
		{62196C34-06C6-4A59-92B0-7045F8736D9A}.Release|Any CPU.Build.0 = Release|Any CPU
		{2E1F1241-8B0F-4371-888C-D6C932A83ACC}.Debug|Any CPU.ActiveCfg = Debug|Any CPU
		{2E1F1241-8B0F-4371-888C-D6C932A83ACC}.Debug|Any CPU.Build.0 = Debug|Any CPU
		{2E1F1241-8B0F-4371-888C-D6C932A83ACC}.Release|Any CPU.ActiveCfg = Release|Any CPU
		{2E1F1241-8B0F-4371-888C-D6C932A83ACC}.Release|Any CPU.Build.0 = Release|Any CPU
		{B363D95C-9B0C-4A9B-AACE-8A697979FD10}.Debug|Any CPU.ActiveCfg = Debug|Any CPU
		{B363D95C-9B0C-4A9B-AACE-8A697979FD10}.Debug|Any CPU.Build.0 = Debug|Any CPU
		{B363D95C-9B0C-4A9B-AACE-8A697979FD10}.Release|Any CPU.ActiveCfg = Release|Any CPU
		{B363D95C-9B0C-4A9B-AACE-8A697979FD10}.Release|Any CPU.Build.0 = Release|Any CPU
	EndGlobalSection
	GlobalSection(NestedProjects) = preSolution
		{045DF720-37B5-4DE3-BBD9-83D775EF7EC6} = {622C8F2B-BA82-4BDD-AB95-FB1C7A1904C8}
		{F50DFF63-90AF-407B-9C45-CF25866A0EB6} = {622C8F2B-BA82-4BDD-AB95-FB1C7A1904C8}
		{98FF289C-3236-4D5F-817E-673B50733B76} = {F50DFF63-90AF-407B-9C45-CF25866A0EB6}
		{73262E4D-2106-43A5-A4A2-2D3E8691E61B} = {98FF289C-3236-4D5F-817E-673B50733B76}
		{B410E48D-F4F6-478D-B3A7-918065AEBC5B} = {F50DFF63-90AF-407B-9C45-CF25866A0EB6}
		{FA870210-4C0E-4789-AF25-4C85F253BF99} = {E6ED0967-2422-465F-BAAC-03F75F108F3D}
		{62196C34-06C6-4A59-92B0-7045F8736D9A} = {045DF720-37B5-4DE3-BBD9-83D775EF7EC6}
		{2E1F1241-8B0F-4371-888C-D6C932A83ACC} = {B410E48D-F4F6-478D-B3A7-918065AEBC5B}
		{B363D95C-9B0C-4A9B-AACE-8A697979FD10} = {045DF720-37B5-4DE3-BBD9-83D775EF7EC6}
	EndGlobalSection
EndGlobal
